// !$*UTF8*$!
{
	archiveVersion = 1;
	classes = {
	};
	objectVersion = 56;
	objects = {

/* Begin PBXBuildFile section */
		5304D71A2B6BE2C4002BD217 /* 4_letter_word_hints_no_duplicates.csv in Resources */ = {isa = PBXBuildFile; fileRef = 5304D7192B6BE2C4002BD217 /* 4_letter_word_hints_no_duplicates.csv */; };
		5304D72A2B6D0456002BD217 /* HintTimer.swift in Sources */ = {isa = PBXBuildFile; fileRef = 5304D7292B6D0456002BD217 /* HintTimer.swift */; };
		5304D72E2B6D7A80002BD217 /* GameTimer.swift in Sources */ = {isa = PBXBuildFile; fileRef = 5304D72D2B6D7A80002BD217 /* GameTimer.swift */; };
		5304D7302B6D8404002BD217 /* CircleButton.swift in Sources */ = {isa = PBXBuildFile; fileRef = 5304D72F2B6D8404002BD217 /* CircleButton.swift */; };
		5304D7322B6D84A8002BD217 /* ContentView.swift in Sources */ = {isa = PBXBuildFile; fileRef = 5304D7312B6D84A8002BD217 /* ContentView.swift */; };
		5304D7382B6EA698002BD217 /* ThemeManager.swift in Sources */ = {isa = PBXBuildFile; fileRef = 5304D7372B6EA698002BD217 /* ThemeManager.swift */; };
		5304D73A2B6EB289002BD217 /* CustomBackButton.swift in Sources */ = {isa = PBXBuildFile; fileRef = 5304D7392B6EB289002BD217 /* CustomBackButton.swift */; };
		534540F92B705AD100D5985E /* SpinnerView.swift in Sources */ = {isa = PBXBuildFile; fileRef = 534540F82B705AD100D5985E /* SpinnerView.swift */; };
		534540FB2B712D9800D5985E /* InfoView.swift in Sources */ = {isa = PBXBuildFile; fileRef = 534540FA2B712D9800D5985E /* InfoView.swift */; };
		534540FD2B7284C300D5985E /* generated_puzzles.json in Resources */ = {isa = PBXBuildFile; fileRef = 534540FC2B7284C300D5985E /* generated_puzzles.json */; };
		534540FF2B72E95A00D5985E /* LaunchScreen.storyboard in Resources */ = {isa = PBXBuildFile; fileRef = 534540FE2B72E95A00D5985E /* LaunchScreen.storyboard */; };
		535156D92B6A65A20040E539 /* WordGameApp.swift in Sources */ = {isa = PBXBuildFile; fileRef = 535156D82B6A65A20040E539 /* WordGameApp.swift */; };
		535156DB2B6A65A20040E539 /* GameView.swift in Sources */ = {isa = PBXBuildFile; fileRef = 535156DA2B6A65A20040E539 /* GameView.swift */; };
		535156DD2B6A65A30040E539 /* Assets.xcassets in Resources */ = {isa = PBXBuildFile; fileRef = 535156DC2B6A65A30040E539 /* Assets.xcassets */; };
		535156E02B6A65A30040E539 /* Preview Assets.xcassets in Resources */ = {isa = PBXBuildFile; fileRef = 535156DF2B6A65A30040E539 /* Preview Assets.xcassets */; };
		535156EA2B6A65A30040E539 /* WordGameTests.swift in Sources */ = {isa = PBXBuildFile; fileRef = 535156E92B6A65A30040E539 /* WordGameTests.swift */; };
		535156F42B6A65A30040E539 /* WordGameUITests.swift in Sources */ = {isa = PBXBuildFile; fileRef = 535156F32B6A65A30040E539 /* WordGameUITests.swift */; };
		535156F62B6A65A30040E539 /* WordGameUITestsLaunchTests.swift in Sources */ = {isa = PBXBuildFile; fileRef = 535156F52B6A65A30040E539 /* WordGameUITestsLaunchTests.swift */; };
		535157072B6A811F0040E539 /* Wheel.swift in Sources */ = {isa = PBXBuildFile; fileRef = 535157062B6A811F0040E539 /* Wheel.swift */; };
		535157092B6A95100040E539 /* GameViewModel.swift in Sources */ = {isa = PBXBuildFile; fileRef = 535157082B6A95100040E539 /* GameViewModel.swift */; };
/* End PBXBuildFile section */

/* Begin PBXContainerItemProxy section */
		535156E62B6A65A30040E539 /* PBXContainerItemProxy */ = {
			isa = PBXContainerItemProxy;
			containerPortal = 535156CD2B6A65A20040E539 /* Project object */;
			proxyType = 1;
			remoteGlobalIDString = 535156D42B6A65A20040E539;
			remoteInfo = WordGame;
		};
		535156F02B6A65A30040E539 /* PBXContainerItemProxy */ = {
			isa = PBXContainerItemProxy;
			containerPortal = 535156CD2B6A65A20040E539 /* Project object */;
			proxyType = 1;
			remoteGlobalIDString = 535156D42B6A65A20040E539;
			remoteInfo = WordGame;
		};
/* End PBXContainerItemProxy section */

/* Begin PBXFileReference section */
		5304D7192B6BE2C4002BD217 /* 4_letter_word_hints_no_duplicates.csv */ = {isa = PBXFileReference; fileEncoding = 4; lastKnownFileType = text; path = 4_letter_word_hints_no_duplicates.csv; sourceTree = "<group>"; };
		5304D7292B6D0456002BD217 /* HintTimer.swift */ = {isa = PBXFileReference; lastKnownFileType = sourcecode.swift; path = HintTimer.swift; sourceTree = "<group>"; };
		5304D72D2B6D7A80002BD217 /* GameTimer.swift */ = {isa = PBXFileReference; lastKnownFileType = sourcecode.swift; path = GameTimer.swift; sourceTree = "<group>"; };
		5304D72F2B6D8404002BD217 /* CircleButton.swift */ = {isa = PBXFileReference; lastKnownFileType = sourcecode.swift; path = CircleButton.swift; sourceTree = "<group>"; };
		5304D7312B6D84A8002BD217 /* ContentView.swift */ = {isa = PBXFileReference; lastKnownFileType = sourcecode.swift; path = ContentView.swift; sourceTree = "<group>"; };
		5304D7372B6EA698002BD217 /* ThemeManager.swift */ = {isa = PBXFileReference; lastKnownFileType = sourcecode.swift; path = ThemeManager.swift; sourceTree = "<group>"; };
		5304D7392B6EB289002BD217 /* CustomBackButton.swift */ = {isa = PBXFileReference; lastKnownFileType = sourcecode.swift; path = CustomBackButton.swift; sourceTree = "<group>"; };
		534540F82B705AD100D5985E /* SpinnerView.swift */ = {isa = PBXFileReference; lastKnownFileType = sourcecode.swift; path = SpinnerView.swift; sourceTree = "<group>"; };
		534540FA2B712D9800D5985E /* InfoView.swift */ = {isa = PBXFileReference; lastKnownFileType = sourcecode.swift; path = InfoView.swift; sourceTree = "<group>"; };
		534540FC2B7284C300D5985E /* generated_puzzles.json */ = {isa = PBXFileReference; fileEncoding = 4; lastKnownFileType = text.json; path = generated_puzzles.json; sourceTree = "<group>"; };
		534540FE2B72E95A00D5985E /* LaunchScreen.storyboard */ = {isa = PBXFileReference; lastKnownFileType = file.storyboard; path = LaunchScreen.storyboard; sourceTree = "<group>"; };
		535156D52B6A65A20040E539 /* LEXE.app */ = {isa = PBXFileReference; explicitFileType = wrapper.application; includeInIndex = 0; path = LEXE.app; sourceTree = BUILT_PRODUCTS_DIR; };
		535156D82B6A65A20040E539 /* WordGameApp.swift */ = {isa = PBXFileReference; lastKnownFileType = sourcecode.swift; path = WordGameApp.swift; sourceTree = "<group>"; };
		535156DA2B6A65A20040E539 /* GameView.swift */ = {isa = PBXFileReference; lastKnownFileType = sourcecode.swift; path = GameView.swift; sourceTree = "<group>"; };
		535156DC2B6A65A30040E539 /* Assets.xcassets */ = {isa = PBXFileReference; lastKnownFileType = folder.assetcatalog; path = Assets.xcassets; sourceTree = "<group>"; };
		535156DF2B6A65A30040E539 /* Preview Assets.xcassets */ = {isa = PBXFileReference; lastKnownFileType = folder.assetcatalog; path = "Preview Assets.xcassets"; sourceTree = "<group>"; };
		535156E52B6A65A30040E539 /* WordGameTests.xctest */ = {isa = PBXFileReference; explicitFileType = wrapper.cfbundle; includeInIndex = 0; path = WordGameTests.xctest; sourceTree = BUILT_PRODUCTS_DIR; };
		535156E92B6A65A30040E539 /* WordGameTests.swift */ = {isa = PBXFileReference; lastKnownFileType = sourcecode.swift; path = WordGameTests.swift; sourceTree = "<group>"; };
		535156EF2B6A65A30040E539 /* WordGameUITests.xctest */ = {isa = PBXFileReference; explicitFileType = wrapper.cfbundle; includeInIndex = 0; path = WordGameUITests.xctest; sourceTree = BUILT_PRODUCTS_DIR; };
		535156F32B6A65A30040E539 /* WordGameUITests.swift */ = {isa = PBXFileReference; lastKnownFileType = sourcecode.swift; path = WordGameUITests.swift; sourceTree = "<group>"; };
		535156F52B6A65A30040E539 /* WordGameUITestsLaunchTests.swift */ = {isa = PBXFileReference; lastKnownFileType = sourcecode.swift; path = WordGameUITestsLaunchTests.swift; sourceTree = "<group>"; };
		535157062B6A811F0040E539 /* Wheel.swift */ = {isa = PBXFileReference; lastKnownFileType = sourcecode.swift; path = Wheel.swift; sourceTree = "<group>"; };
		535157082B6A95100040E539 /* GameViewModel.swift */ = {isa = PBXFileReference; lastKnownFileType = sourcecode.swift; path = GameViewModel.swift; sourceTree = "<group>"; };
/* End PBXFileReference section */

/* Begin PBXFrameworksBuildPhase section */
		535156D22B6A65A20040E539 /* Frameworks */ = {
			isa = PBXFrameworksBuildPhase;
			buildActionMask = 2147483647;
			files = (
			);
			runOnlyForDeploymentPostprocessing = 0;
		};
		535156E22B6A65A30040E539 /* Frameworks */ = {
			isa = PBXFrameworksBuildPhase;
			buildActionMask = 2147483647;
			files = (
			);
			runOnlyForDeploymentPostprocessing = 0;
		};
		535156EC2B6A65A30040E539 /* Frameworks */ = {
			isa = PBXFrameworksBuildPhase;
			buildActionMask = 2147483647;
			files = (
			);
			runOnlyForDeploymentPostprocessing = 0;
		};
/* End PBXFrameworksBuildPhase section */

/* Begin PBXGroup section */
		535156CC2B6A65A20040E539 = {
			isa = PBXGroup;
			children = (
				535156D72B6A65A20040E539 /* WordGame */,
				535156E82B6A65A30040E539 /* WordGameTests */,
				535156F22B6A65A30040E539 /* WordGameUITests */,
				535156D62B6A65A20040E539 /* Products */,
			);
			sourceTree = "<group>";
		};
		535156D62B6A65A20040E539 /* Products */ = {
			isa = PBXGroup;
			children = (
				535156D52B6A65A20040E539 /* LEXE.app */,
				535156E52B6A65A30040E539 /* WordGameTests.xctest */,
				535156EF2B6A65A30040E539 /* WordGameUITests.xctest */,
			);
			name = Products;
			sourceTree = "<group>";
		};
		535156D72B6A65A20040E539 /* WordGame */ = {
			isa = PBXGroup;
			children = (
				534540FE2B72E95A00D5985E /* LaunchScreen.storyboard */,
				535156D82B6A65A20040E539 /* WordGameApp.swift */,
				5304D7312B6D84A8002BD217 /* ContentView.swift */,
				5304D7392B6EB289002BD217 /* CustomBackButton.swift */,
				5304D7372B6EA698002BD217 /* ThemeManager.swift */,
				5304D72D2B6D7A80002BD217 /* GameTimer.swift */,
				535156DA2B6A65A20040E539 /* GameView.swift */,
				534540F82B705AD100D5985E /* SpinnerView.swift */,
				534540FA2B712D9800D5985E /* InfoView.swift */,
				535157082B6A95100040E539 /* GameViewModel.swift */,
				5304D7292B6D0456002BD217 /* HintTimer.swift */,
				5304D72F2B6D8404002BD217 /* CircleButton.swift */,
				535157062B6A811F0040E539 /* Wheel.swift */,
				534540FC2B7284C300D5985E /* generated_puzzles.json */,
				5304D7192B6BE2C4002BD217 /* 4_letter_word_hints_no_duplicates.csv */,
				535156DC2B6A65A30040E539 /* Assets.xcassets */,
				535156DE2B6A65A30040E539 /* Preview Content */,
			);
			path = WordGame;
			sourceTree = "<group>";
		};
		535156DE2B6A65A30040E539 /* Preview Content */ = {
			isa = PBXGroup;
			children = (
				535156DF2B6A65A30040E539 /* Preview Assets.xcassets */,
			);
			path = "Preview Content";
			sourceTree = "<group>";
		};
		535156E82B6A65A30040E539 /* WordGameTests */ = {
			isa = PBXGroup;
			children = (
				535156E92B6A65A30040E539 /* WordGameTests.swift */,
			);
			path = WordGameTests;
			sourceTree = "<group>";
		};
		535156F22B6A65A30040E539 /* WordGameUITests */ = {
			isa = PBXGroup;
			children = (
				535156F32B6A65A30040E539 /* WordGameUITests.swift */,
				535156F52B6A65A30040E539 /* WordGameUITestsLaunchTests.swift */,
			);
			path = WordGameUITests;
			sourceTree = "<group>";
		};
/* End PBXGroup section */

/* Begin PBXNativeTarget section */
		535156D42B6A65A20040E539 /* WordGame */ = {
			isa = PBXNativeTarget;
			buildConfigurationList = 535156F92B6A65A30040E539 /* Build configuration list for PBXNativeTarget "WordGame" */;
			buildPhases = (
				535156D12B6A65A20040E539 /* Sources */,
				535156D22B6A65A20040E539 /* Frameworks */,
				535156D32B6A65A20040E539 /* Resources */,
			);
			buildRules = (
			);
			dependencies = (
			);
			name = WordGame;
			productName = WordGame;
			productReference = 535156D52B6A65A20040E539 /* LEXE.app */;
			productType = "com.apple.product-type.application";
		};
		535156E42B6A65A30040E539 /* WordGameTests */ = {
			isa = PBXNativeTarget;
			buildConfigurationList = 535156FC2B6A65A30040E539 /* Build configuration list for PBXNativeTarget "WordGameTests" */;
			buildPhases = (
				535156E12B6A65A30040E539 /* Sources */,
				535156E22B6A65A30040E539 /* Frameworks */,
				535156E32B6A65A30040E539 /* Resources */,
			);
			buildRules = (
			);
			dependencies = (
				535156E72B6A65A30040E539 /* PBXTargetDependency */,
			);
			name = WordGameTests;
			productName = WordGameTests;
			productReference = 535156E52B6A65A30040E539 /* WordGameTests.xctest */;
			productType = "com.apple.product-type.bundle.unit-test";
		};
		535156EE2B6A65A30040E539 /* WordGameUITests */ = {
			isa = PBXNativeTarget;
			buildConfigurationList = 535156FF2B6A65A30040E539 /* Build configuration list for PBXNativeTarget "WordGameUITests" */;
			buildPhases = (
				535156EB2B6A65A30040E539 /* Sources */,
				535156EC2B6A65A30040E539 /* Frameworks */,
				535156ED2B6A65A30040E539 /* Resources */,
			);
			buildRules = (
			);
			dependencies = (
				535156F12B6A65A30040E539 /* PBXTargetDependency */,
			);
			name = WordGameUITests;
			productName = WordGameUITests;
			productReference = 535156EF2B6A65A30040E539 /* WordGameUITests.xctest */;
			productType = "com.apple.product-type.bundle.ui-testing";
		};
/* End PBXNativeTarget section */

/* Begin PBXProject section */
		535156CD2B6A65A20040E539 /* Project object */ = {
			isa = PBXProject;
			attributes = {
				BuildIndependentTargetsInParallel = 1;
				LastSwiftUpdateCheck = 1520;
				LastUpgradeCheck = 1520;
				TargetAttributes = {
					535156D42B6A65A20040E539 = {
						CreatedOnToolsVersion = 15.2;
					};
					535156E42B6A65A30040E539 = {
						CreatedOnToolsVersion = 15.2;
						TestTargetID = 535156D42B6A65A20040E539;
					};
					535156EE2B6A65A30040E539 = {
						CreatedOnToolsVersion = 15.2;
						TestTargetID = 535156D42B6A65A20040E539;
					};
				};
			};
			buildConfigurationList = 535156D02B6A65A20040E539 /* Build configuration list for PBXProject "WordGame" */;
			compatibilityVersion = "Xcode 14.0";
			developmentRegion = en;
			hasScannedForEncodings = 0;
			knownRegions = (
				en,
				Base,
			);
			mainGroup = 535156CC2B6A65A20040E539;
			productRefGroup = 535156D62B6A65A20040E539 /* Products */;
			projectDirPath = "";
			projectRoot = "";
			targets = (
				535156D42B6A65A20040E539 /* WordGame */,
				535156E42B6A65A30040E539 /* WordGameTests */,
				535156EE2B6A65A30040E539 /* WordGameUITests */,
			);
		};
/* End PBXProject section */

/* Begin PBXResourcesBuildPhase section */
		535156D32B6A65A20040E539 /* Resources */ = {
			isa = PBXResourcesBuildPhase;
			buildActionMask = 2147483647;
			files = (
				5304D71A2B6BE2C4002BD217 /* 4_letter_word_hints_no_duplicates.csv in Resources */,
				535156E02B6A65A30040E539 /* Preview Assets.xcassets in Resources */,
				535156DD2B6A65A30040E539 /* Assets.xcassets in Resources */,
				534540FF2B72E95A00D5985E /* LaunchScreen.storyboard in Resources */,
				534540FD2B7284C300D5985E /* generated_puzzles.json in Resources */,
			);
			runOnlyForDeploymentPostprocessing = 0;
		};
		535156E32B6A65A30040E539 /* Resources */ = {
			isa = PBXResourcesBuildPhase;
			buildActionMask = 2147483647;
			files = (
			);
			runOnlyForDeploymentPostprocessing = 0;
		};
		535156ED2B6A65A30040E539 /* Resources */ = {
			isa = PBXResourcesBuildPhase;
			buildActionMask = 2147483647;
			files = (
			);
			runOnlyForDeploymentPostprocessing = 0;
		};
/* End PBXResourcesBuildPhase section */

/* Begin PBXSourcesBuildPhase section */
		535156D12B6A65A20040E539 /* Sources */ = {
			isa = PBXSourcesBuildPhase;
			buildActionMask = 2147483647;
			files = (
				535156DB2B6A65A20040E539 /* GameView.swift in Sources */,
				534540F92B705AD100D5985E /* SpinnerView.swift in Sources */,
				534540FB2B712D9800D5985E /* InfoView.swift in Sources */,
				5304D72A2B6D0456002BD217 /* HintTimer.swift in Sources */,
				5304D7302B6D8404002BD217 /* CircleButton.swift in Sources */,
				5304D72E2B6D7A80002BD217 /* GameTimer.swift in Sources */,
				5304D7322B6D84A8002BD217 /* ContentView.swift in Sources */,
				535156D92B6A65A20040E539 /* WordGameApp.swift in Sources */,
				535157072B6A811F0040E539 /* Wheel.swift in Sources */,
				535157092B6A95100040E539 /* GameViewModel.swift in Sources */,
				5304D73A2B6EB289002BD217 /* CustomBackButton.swift in Sources */,
				5304D7382B6EA698002BD217 /* ThemeManager.swift in Sources */,
			);
			runOnlyForDeploymentPostprocessing = 0;
		};
		535156E12B6A65A30040E539 /* Sources */ = {
			isa = PBXSourcesBuildPhase;
			buildActionMask = 2147483647;
			files = (
				535156EA2B6A65A30040E539 /* WordGameTests.swift in Sources */,
			);
			runOnlyForDeploymentPostprocessing = 0;
		};
		535156EB2B6A65A30040E539 /* Sources */ = {
			isa = PBXSourcesBuildPhase;
			buildActionMask = 2147483647;
			files = (
				535156F62B6A65A30040E539 /* WordGameUITestsLaunchTests.swift in Sources */,
				535156F42B6A65A30040E539 /* WordGameUITests.swift in Sources */,
			);
			runOnlyForDeploymentPostprocessing = 0;
		};
/* End PBXSourcesBuildPhase section */

/* Begin PBXTargetDependency section */
		535156E72B6A65A30040E539 /* PBXTargetDependency */ = {
			isa = PBXTargetDependency;
			target = 535156D42B6A65A20040E539 /* WordGame */;
			targetProxy = 535156E62B6A65A30040E539 /* PBXContainerItemProxy */;
		};
		535156F12B6A65A30040E539 /* PBXTargetDependency */ = {
			isa = PBXTargetDependency;
			target = 535156D42B6A65A20040E539 /* WordGame */;
			targetProxy = 535156F02B6A65A30040E539 /* PBXContainerItemProxy */;
		};
/* End PBXTargetDependency section */

/* Begin XCBuildConfiguration section */
		535156F72B6A65A30040E539 /* Debug */ = {
			isa = XCBuildConfiguration;
			buildSettings = {
				ALWAYS_SEARCH_USER_PATHS = NO;
				ASSETCATALOG_COMPILER_GENERATE_SWIFT_ASSET_SYMBOL_EXTENSIONS = YES;
				CLANG_ANALYZER_NONNULL = YES;
				CLANG_ANALYZER_NUMBER_OBJECT_CONVERSION = YES_AGGRESSIVE;
				CLANG_CXX_LANGUAGE_STANDARD = "gnu++20";
				CLANG_ENABLE_MODULES = YES;
				CLANG_ENABLE_OBJC_ARC = YES;
				CLANG_ENABLE_OBJC_WEAK = YES;
				CLANG_WARN_BLOCK_CAPTURE_AUTORELEASING = YES;
				CLANG_WARN_BOOL_CONVERSION = YES;
				CLANG_WARN_COMMA = YES;
				CLANG_WARN_CONSTANT_CONVERSION = YES;
				CLANG_WARN_DEPRECATED_OBJC_IMPLEMENTATIONS = YES;
				CLANG_WARN_DIRECT_OBJC_ISA_USAGE = YES_ERROR;
				CLANG_WARN_DOCUMENTATION_COMMENTS = YES;
				CLANG_WARN_EMPTY_BODY = YES;
				CLANG_WARN_ENUM_CONVERSION = YES;
				CLANG_WARN_INFINITE_RECURSION = YES;
				CLANG_WARN_INT_CONVERSION = YES;
				CLANG_WARN_NON_LITERAL_NULL_CONVERSION = YES;
				CLANG_WARN_OBJC_IMPLICIT_RETAIN_SELF = YES;
				CLANG_WARN_OBJC_LITERAL_CONVERSION = YES;
				CLANG_WARN_OBJC_ROOT_CLASS = YES_ERROR;
				CLANG_WARN_QUOTED_INCLUDE_IN_FRAMEWORK_HEADER = YES;
				CLANG_WARN_RANGE_LOOP_ANALYSIS = YES;
				CLANG_WARN_STRICT_PROTOTYPES = YES;
				CLANG_WARN_SUSPICIOUS_MOVE = YES;
				CLANG_WARN_UNGUARDED_AVAILABILITY = YES_AGGRESSIVE;
				CLANG_WARN_UNREACHABLE_CODE = YES;
				CLANG_WARN__DUPLICATE_METHOD_MATCH = YES;
				COPY_PHASE_STRIP = NO;
				DEBUG_INFORMATION_FORMAT = dwarf;
				ENABLE_STRICT_OBJC_MSGSEND = YES;
				ENABLE_TESTABILITY = YES;
				ENABLE_USER_SCRIPT_SANDBOXING = YES;
				GCC_C_LANGUAGE_STANDARD = gnu17;
				GCC_DYNAMIC_NO_PIC = NO;
				GCC_NO_COMMON_BLOCKS = YES;
				GCC_OPTIMIZATION_LEVEL = 0;
				GCC_PREPROCESSOR_DEFINITIONS = (
					"DEBUG=1",
					"$(inherited)",
				);
				GCC_WARN_64_TO_32_BIT_CONVERSION = YES;
				GCC_WARN_ABOUT_RETURN_TYPE = YES_ERROR;
				GCC_WARN_UNDECLARED_SELECTOR = YES;
				GCC_WARN_UNINITIALIZED_AUTOS = YES_AGGRESSIVE;
				GCC_WARN_UNUSED_FUNCTION = YES;
				GCC_WARN_UNUSED_VARIABLE = YES;
				IPHONEOS_DEPLOYMENT_TARGET = 17.2;
				LOCALIZATION_PREFERS_STRING_CATALOGS = YES;
				MTL_ENABLE_DEBUG_INFO = INCLUDE_SOURCE;
				MTL_FAST_MATH = YES;
				ONLY_ACTIVE_ARCH = YES;
				SDKROOT = iphoneos;
				SWIFT_ACTIVE_COMPILATION_CONDITIONS = "DEBUG $(inherited)";
				SWIFT_OPTIMIZATION_LEVEL = "-Onone";
			};
			name = Debug;
		};
		535156F82B6A65A30040E539 /* Release */ = {
			isa = XCBuildConfiguration;
			buildSettings = {
				ALWAYS_SEARCH_USER_PATHS = NO;
				ASSETCATALOG_COMPILER_GENERATE_SWIFT_ASSET_SYMBOL_EXTENSIONS = YES;
				CLANG_ANALYZER_NONNULL = YES;
				CLANG_ANALYZER_NUMBER_OBJECT_CONVERSION = YES_AGGRESSIVE;
				CLANG_CXX_LANGUAGE_STANDARD = "gnu++20";
				CLANG_ENABLE_MODULES = YES;
				CLANG_ENABLE_OBJC_ARC = YES;
				CLANG_ENABLE_OBJC_WEAK = YES;
				CLANG_WARN_BLOCK_CAPTURE_AUTORELEASING = YES;
				CLANG_WARN_BOOL_CONVERSION = YES;
				CLANG_WARN_COMMA = YES;
				CLANG_WARN_CONSTANT_CONVERSION = YES;
				CLANG_WARN_DEPRECATED_OBJC_IMPLEMENTATIONS = YES;
				CLANG_WARN_DIRECT_OBJC_ISA_USAGE = YES_ERROR;
				CLANG_WARN_DOCUMENTATION_COMMENTS = YES;
				CLANG_WARN_EMPTY_BODY = YES;
				CLANG_WARN_ENUM_CONVERSION = YES;
				CLANG_WARN_INFINITE_RECURSION = YES;
				CLANG_WARN_INT_CONVERSION = YES;
				CLANG_WARN_NON_LITERAL_NULL_CONVERSION = YES;
				CLANG_WARN_OBJC_IMPLICIT_RETAIN_SELF = YES;
				CLANG_WARN_OBJC_LITERAL_CONVERSION = YES;
				CLANG_WARN_OBJC_ROOT_CLASS = YES_ERROR;
				CLANG_WARN_QUOTED_INCLUDE_IN_FRAMEWORK_HEADER = YES;
				CLANG_WARN_RANGE_LOOP_ANALYSIS = YES;
				CLANG_WARN_STRICT_PROTOTYPES = YES;
				CLANG_WARN_SUSPICIOUS_MOVE = YES;
				CLANG_WARN_UNGUARDED_AVAILABILITY = YES_AGGRESSIVE;
				CLANG_WARN_UNREACHABLE_CODE = YES;
				CLANG_WARN__DUPLICATE_METHOD_MATCH = YES;
				COPY_PHASE_STRIP = NO;
				DEBUG_INFORMATION_FORMAT = "dwarf-with-dsym";
				ENABLE_NS_ASSERTIONS = NO;
				ENABLE_STRICT_OBJC_MSGSEND = YES;
				ENABLE_USER_SCRIPT_SANDBOXING = YES;
				GCC_C_LANGUAGE_STANDARD = gnu17;
				GCC_NO_COMMON_BLOCKS = YES;
				GCC_WARN_64_TO_32_BIT_CONVERSION = YES;
				GCC_WARN_ABOUT_RETURN_TYPE = YES_ERROR;
				GCC_WARN_UNDECLARED_SELECTOR = YES;
				GCC_WARN_UNINITIALIZED_AUTOS = YES_AGGRESSIVE;
				GCC_WARN_UNUSED_FUNCTION = YES;
				GCC_WARN_UNUSED_VARIABLE = YES;
				IPHONEOS_DEPLOYMENT_TARGET = 17.2;
				LOCALIZATION_PREFERS_STRING_CATALOGS = YES;
				MTL_ENABLE_DEBUG_INFO = NO;
				MTL_FAST_MATH = YES;
				SDKROOT = iphoneos;
				SWIFT_COMPILATION_MODE = wholemodule;
				VALIDATE_PRODUCT = YES;
			};
			name = Release;
		};
		535156FA2B6A65A30040E539 /* Debug */ = {
			isa = XCBuildConfiguration;
			buildSettings = {
				ASSETCATALOG_COMPILER_APPICON_NAME = AppIcon;
				ASSETCATALOG_COMPILER_GLOBAL_ACCENT_COLOR_NAME = AccentColor;
				ASSETCATALOG_COMPILER_INCLUDE_ALL_APPICON_ASSETS = NO;
				CODE_SIGN_STYLE = Automatic;
				CURRENT_PROJECT_VERSION = 1;
				DEVELOPMENT_ASSET_PATHS = "\"WordGame/Preview Content\"";
				DEVELOPMENT_TEAM = 3N8WK6T2HB;
				ENABLE_PREVIEWS = YES;
				GENERATE_INFOPLIST_FILE = YES;
				INFOPLIST_KEY_CFBundleDisplayName = LEXE;
				INFOPLIST_KEY_LSApplicationCategoryType = "public.app-category.word-games";
				INFOPLIST_KEY_UIApplicationSceneManifest_Generation = YES;
				INFOPLIST_KEY_UIApplicationSupportsIndirectInputEvents = YES;
				INFOPLIST_KEY_UILaunchScreen_Generation = YES;
				INFOPLIST_KEY_UILaunchStoryboardName = LaunchScreen.storyboard;
				INFOPLIST_KEY_UIRequiresFullScreen = YES;
				INFOPLIST_KEY_UISupportedInterfaceOrientations = UIInterfaceOrientationPortrait;
				IPHONEOS_DEPLOYMENT_TARGET = 16.1;
				LD_RUNPATH_SEARCH_PATHS = (
					"$(inherited)",
					"@executable_path/Frameworks",
				);
				MARKETING_VERSION = 1.0;
				PRODUCT_BUNDLE_IDENTIFIER = keith.ong.LEXE;
				PRODUCT_NAME = LEXE;
				SUPPORTED_PLATFORMS = "iphoneos iphonesimulator";
				SUPPORTS_MACCATALYST = NO;
				SUPPORTS_MAC_DESIGNED_FOR_IPHONE_IPAD = NO;
				SUPPORTS_XR_DESIGNED_FOR_IPHONE_IPAD = NO;
				SWIFT_EMIT_LOC_STRINGS = YES;
				SWIFT_VERSION = 5.0;
				TARGETED_DEVICE_FAMILY = 1;
			};
			name = Debug;
		};
		535156FB2B6A65A30040E539 /* Release */ = {
			isa = XCBuildConfiguration;
			buildSettings = {
				ASSETCATALOG_COMPILER_APPICON_NAME = AppIcon;
				ASSETCATALOG_COMPILER_GLOBAL_ACCENT_COLOR_NAME = AccentColor;
				ASSETCATALOG_COMPILER_INCLUDE_ALL_APPICON_ASSETS = NO;
				CODE_SIGN_STYLE = Automatic;
				CURRENT_PROJECT_VERSION = 1;
				DEVELOPMENT_ASSET_PATHS = "\"WordGame/Preview Content\"";
				DEVELOPMENT_TEAM = 3N8WK6T2HB;
				ENABLE_PREVIEWS = YES;
				GENERATE_INFOPLIST_FILE = YES;
				INFOPLIST_KEY_CFBundleDisplayName = LEXE;
				INFOPLIST_KEY_LSApplicationCategoryType = "public.app-category.word-games";
				INFOPLIST_KEY_UIApplicationSceneManifest_Generation = YES;
				INFOPLIST_KEY_UIApplicationSupportsIndirectInputEvents = YES;
				INFOPLIST_KEY_UILaunchScreen_Generation = YES;
				INFOPLIST_KEY_UILaunchStoryboardName = LaunchScreen.storyboard;
				INFOPLIST_KEY_UIRequiresFullScreen = YES;
				INFOPLIST_KEY_UISupportedInterfaceOrientations = UIInterfaceOrientationPortrait;
				IPHONEOS_DEPLOYMENT_TARGET = 16.1;
				LD_RUNPATH_SEARCH_PATHS = (
					"$(inherited)",
					"@executable_path/Frameworks",
				);
				MARKETING_VERSION = 1.0;
				PRODUCT_BUNDLE_IDENTIFIER = keith.ong.LEXE;
				PRODUCT_NAME = LEXE;
				SUPPORTED_PLATFORMS = "iphoneos iphonesimulator";
				SUPPORTS_MACCATALYST = NO;
				SUPPORTS_MAC_DESIGNED_FOR_IPHONE_IPAD = NO;
				SUPPORTS_XR_DESIGNED_FOR_IPHONE_IPAD = NO;
				SWIFT_EMIT_LOC_STRINGS = YES;
				SWIFT_VERSION = 5.0;
				TARGETED_DEVICE_FAMILY = 1;
			};
			name = Release;
		};
		535156FD2B6A65A30040E539 /* Debug */ = {
			isa = XCBuildConfiguration;
			buildSettings = {
				ALWAYS_EMBED_SWIFT_STANDARD_LIBRARIES = YES;
				BUNDLE_LOADER = "$(TEST_HOST)";
				CODE_SIGN_STYLE = Automatic;
				CURRENT_PROJECT_VERSION = 1;
				GENERATE_INFOPLIST_FILE = YES;
				IPHONEOS_DEPLOYMENT_TARGET = 17.2;
				MARKETING_VERSION = 1.0;
				PRODUCT_BUNDLE_IDENTIFIER = keith.WordGameTests;
				PRODUCT_NAME = "$(TARGET_NAME)";
				SWIFT_EMIT_LOC_STRINGS = NO;
				SWIFT_VERSION = 5.0;
				TARGETED_DEVICE_FAMILY = "1,2";
				TEST_HOST = "$(BUILT_PRODUCTS_DIR)/WordGame.app/$(BUNDLE_EXECUTABLE_FOLDER_PATH)/WordGame";
			};
			name = Debug;
		};
		535156FE2B6A65A30040E539 /* Release */ = {
			isa = XCBuildConfiguration;
			buildSettings = {
				ALWAYS_EMBED_SWIFT_STANDARD_LIBRARIES = YES;
				BUNDLE_LOADER = "$(TEST_HOST)";
				CODE_SIGN_STYLE = Automatic;
				CURRENT_PROJECT_VERSION = 1;
				GENERATE_INFOPLIST_FILE = YES;
				IPHONEOS_DEPLOYMENT_TARGET = 17.2;
				MARKETING_VERSION = 1.0;
				PRODUCT_BUNDLE_IDENTIFIER = keith.WordGameTests;
				PRODUCT_NAME = "$(TARGET_NAME)";
				SWIFT_EMIT_LOC_STRINGS = NO;
				SWIFT_VERSION = 5.0;
				TARGETED_DEVICE_FAMILY = "1,2";
				TEST_HOST = "$(BUILT_PRODUCTS_DIR)/WordGame.app/$(BUNDLE_EXECUTABLE_FOLDER_PATH)/WordGame";
			};
			name = Release;
		};
		535157002B6A65A30040E539 /* Debug */ = {
			isa = XCBuildConfiguration;
			buildSettings = {
				ALWAYS_EMBED_SWIFT_STANDARD_LIBRARIES = YES;
				CODE_SIGN_STYLE = Automatic;
				CURRENT_PROJECT_VERSION = 1;
				GENERATE_INFOPLIST_FILE = YES;
				MARKETING_VERSION = 1.0;
				PRODUCT_BUNDLE_IDENTIFIER = keith.WordGameUITests;
				PRODUCT_NAME = "$(TARGET_NAME)";
				SWIFT_EMIT_LOC_STRINGS = NO;
				SWIFT_VERSION = 5.0;
				TARGETED_DEVICE_FAMILY = "1,2";
				TEST_TARGET_NAME = WordGame;
			};
			name = Debug;
		};
		535157012B6A65A30040E539 /* Release */ = {
			isa = XCBuildConfiguration;
			buildSettings = {
				ALWAYS_EMBED_SWIFT_STANDARD_LIBRARIES = YES;
				CODE_SIGN_STYLE = Automatic;
				CURRENT_PROJECT_VERSION = 1;
				GENERATE_INFOPLIST_FILE = YES;
				MARKETING_VERSION = 1.0;
				PRODUCT_BUNDLE_IDENTIFIER = keith.WordGameUITests;
				PRODUCT_NAME = "$(TARGET_NAME)";
				SWIFT_EMIT_LOC_STRINGS = NO;
				SWIFT_VERSION = 5.0;
				TARGETED_DEVICE_FAMILY = "1,2";
				TEST_TARGET_NAME = WordGame;
			};
			name = Release;
		};
/* End XCBuildConfiguration section */

/* Begin XCConfigurationList section */
		535156D02B6A65A20040E539 /* Build configuration list for PBXProject "WordGame" */ = {
			isa = XCConfigurationList;
			buildConfigurations = (
				535156F72B6A65A30040E539 /* Debug */,
				535156F82B6A65A30040E539 /* Release */,
			);
			defaultConfigurationIsVisible = 0;
			defaultConfigurationName = Release;
		};
		535156F92B6A65A30040E539 /* Build configuration list for PBXNativeTarget "WordGame" */ = {
			isa = XCConfigurationList;
			buildConfigurations = (
				535156FA2B6A65A30040E539 /* Debug */,
				535156FB2B6A65A30040E539 /* Release */,
			);
			defaultConfigurationIsVisible = 0;
			defaultConfigurationName = Release;
		};
		535156FC2B6A65A30040E539 /* Build configuration list for PBXNativeTarget "WordGameTests" */ = {
			isa = XCConfigurationList;
			buildConfigurations = (
				535156FD2B6A65A30040E539 /* Debug */,
				535156FE2B6A65A30040E539 /* Release */,
			);
			defaultConfigurationIsVisible = 0;
			defaultConfigurationName = Release;
		};
		535156FF2B6A65A30040E539 /* Build configuration list for PBXNativeTarget "WordGameUITests" */ = {
			isa = XCConfigurationList;
			buildConfigurations = (
				535157002B6A65A30040E539 /* Debug */,
				535157012B6A65A30040E539 /* Release */,
			);
			defaultConfigurationIsVisible = 0;
			defaultConfigurationName = Release;
		};
/* End XCConfigurationList section */
	};
	rootObject = 535156CD2B6A65A20040E539 /* Project object */;
}
